
Microsoft Visual Studio Solution File, Format Version 12.00
# Visual Studio Version 17
VisualStudioVersion = 17.3.32825.248
MinimumVisualStudioVersion = 10.0.40219.1
Project("{9A19103F-16F7-4668-BE54-9A1E7A4F7556}") = "HospitalDbService", "HospitalDbService\HospitalDbService.csproj", "{72C5A28E-58EF-444D-99E1-DD58243F4022}"
EndProject
Project("{2150E333-8FDC-42A3-9474-1A3956D46DE8}") = "Solution Items", "Solution Items", "{A486A1A5-E283-4882-9E50-39328C86A80A}"
	ProjectSection(SolutionItems) = preProject
		.editorconfig = .editorconfig
	EndProjectSection
EndProject
Global
	GlobalSection(SolutionConfigurationPlatforms) = preSolution
		Debug|Any CPU = Debug|Any CPU
		Release|Any CPU = Release|Any CPU
	EndGlobalSection
	GlobalSection(ProjectConfigurationPlatforms) = postSolution
		{72C5A28E-58EF-444D-99E1-DD58243F4022}.Debug|Any CPU.ActiveCfg = Debug|Any CPU
		{72C5A28E-58EF-444D-99E1-DD58243F4022}.Debug|Any CPU.Build.0 = Debug|Any CPU
		{72C5A28E-58EF-444D-99E1-DD58243F4022}.Release|Any CPU.ActiveCfg = Release|Any CPU
		{72C5A28E-58EF-444D-99E1-DD58243F4022}.Release|Any CPU.Build.0 = Release|Any CPU
	EndGlobalSection
	GlobalSection(SolutionProperties) = preSolution
		HideSolutionNode = FALSE
	EndGlobalSection
	GlobalSection(ExtensibilityGlobals) = postSolution
		SolutionGuid = {78B49840-2796-4612-B8F9-8A0B12A369D5}
	EndGlobalSection
EndGlobal
